
Microsoft Visual Studio Solution File, Format Version 12.00
# Visual Studio Version 17
VisualStudioVersion = 17.9.34616.47
MinimumVisualStudioVersion = 10.0.40219.1
Project("{9A19103F-16F7-4668-BE54-9A1E7A4F7556}") = "OMSATrackingAPI", "OMSATrackingAPI\OMSATrackingAPI.csproj", "{FE58DAAF-BB30-4D72-BD4C-CC8A4E5059F2}"
EndProject
Project("{FAE04EC0-301F-11D3-BF4B-00C04F79EFBC}") = "OMSATrackingAPI.DAL", "OMSATrackingAPI.DAL\OMSATrackingAPI.DAL.csproj", "{75A064B2-0C57-4470-BF68-1DF869948C65}"
EndProject
Project("{FAE04EC0-301F-11D3-BF4B-00C04F79EFBC}") = "OMSATrackingAPI.BLL", "OMSATrackingAPI.BLL\OMSATrackingAPI.BLL.csproj", "{65366C75-7589-4FD6-9BC8-7AF9557A2725}"
EndProject
Global
	GlobalSection(SolutionConfigurationPlatforms) = preSolution
		Debug|Any CPU = Debug|Any CPU
		Release|Any CPU = Release|Any CPU
	EndGlobalSection
	GlobalSection(ProjectConfigurationPlatforms) = postSolution
		{FE58DAAF-BB30-4D72-BD4C-CC8A4E5059F2}.Debug|Any CPU.ActiveCfg = Debug|Any CPU
		{FE58DAAF-BB30-4D72-BD4C-CC8A4E5059F2}.Debug|Any CPU.Build.0 = Debug|Any CPU
		{FE58DAAF-BB30-4D72-BD4C-CC8A4E5059F2}.Release|Any CPU.ActiveCfg = Release|Any CPU
		{FE58DAAF-BB30-4D72-BD4C-CC8A4E5059F2}.Release|Any CPU.Build.0 = Release|Any CPU
		{75A064B2-0C57-4470-BF68-1DF869948C65}.Debug|Any CPU.ActiveCfg = Debug|Any CPU
		{75A064B2-0C57-4470-BF68-1DF869948C65}.Debug|Any CPU.Build.0 = Debug|Any CPU
		{75A064B2-0C57-4470-BF68-1DF869948C65}.Release|Any CPU.ActiveCfg = Release|Any CPU
		{75A064B2-0C57-4470-BF68-1DF869948C65}.Release|Any CPU.Build.0 = Release|Any CPU
		{65366C75-7589-4FD6-9BC8-7AF9557A2725}.Debug|Any CPU.ActiveCfg = Debug|Any CPU
		{65366C75-7589-4FD6-9BC8-7AF9557A2725}.Debug|Any CPU.Build.0 = Debug|Any CPU
		{65366C75-7589-4FD6-9BC8-7AF9557A2725}.Release|Any CPU.ActiveCfg = Release|Any CPU
		{65366C75-7589-4FD6-9BC8-7AF9557A2725}.Release|Any CPU.Build.0 = Release|Any CPU
	EndGlobalSection
	GlobalSection(SolutionProperties) = preSolution
		HideSolutionNode = FALSE
	EndGlobalSection
	GlobalSection(ExtensibilityGlobals) = postSolution
		SolutionGuid = {FFB021FA-BE87-400A-956D-875F65240373}
	EndGlobalSection
EndGlobal
